// !$*UTF8*$!
{
	archiveVersion = 1;
	classes = {
	};
	objectVersion = 50;
	objects = {

/* Begin PBXBuildFile section */
		18E6E6E121A640D70020E54F /* AppDelegate.m in Sources */ = {isa = PBXBuildFile; fileRef = 18E6E6E021A640D70020E54F /* AppDelegate.m */; };
		18E6E6E421A640D70020E54F /* ViewController.m in Sources */ = {isa = PBXBuildFile; fileRef = 18E6E6E321A640D70020E54F /* ViewController.m */; };
		18E6E6E721A640D70020E54F /* Main.storyboard in Resources */ = {isa = PBXBuildFile; fileRef = 18E6E6E521A640D70020E54F /* Main.storyboard */; };
		18E6E6E921A640D80020E54F /* Assets.xcassets in Resources */ = {isa = PBXBuildFile; fileRef = 18E6E6E821A640D80020E54F /* Assets.xcassets */; };
		18E6E6EC21A640D80020E54F /* LaunchScreen.storyboard in Resources */ = {isa = PBXBuildFile; fileRef = 18E6E6EA21A640D80020E54F /* LaunchScreen.storyboard */; };
		18E6E6EF21A640D80020E54F /* main.m in Sources */ = {isa = PBXBuildFile; fileRef = 18E6E6EE21A640D80020E54F /* main.m */; };
		18E6E6F921A640D90020E54F /* ObjcDemoTests.m in Sources */ = {isa = PBXBuildFile; fileRef = 18E6E6F821A640D90020E54F /* ObjcDemoTests.m */; };
		18E6E70421A640D90020E54F /* ObjcDemoUITests.m in Sources */ = {isa = PBXBuildFile; fileRef = 18E6E70321A640D90020E54F /* ObjcDemoUITests.m */; };
		18E6E71C21A64C5A0020E54F /* AsynAndThreadTest.m in Sources */ = {isa = PBXBuildFile; fileRef = 18E6E71B21A64C5A0020E54F /* AsynAndThreadTest.m */; };
/* End PBXBuildFile section */

/* Begin PBXContainerItemProxy section */
		18E6E6F521A640D90020E54F /* PBXContainerItemProxy */ = {
			isa = PBXContainerItemProxy;
			containerPortal = 18E6E6D421A640D60020E54F /* Project object */;
			proxyType = 1;
			remoteGlobalIDString = 18E6E6DB21A640D70020E54F;
			remoteInfo = ObjcDemo;
		};
		18E6E70021A640D90020E54F /* PBXContainerItemProxy */ = {
			isa = PBXContainerItemProxy;
			containerPortal = 18E6E6D421A640D60020E54F /* Project object */;
			proxyType = 1;
			remoteGlobalIDString = 18E6E6DB21A640D70020E54F;
			remoteInfo = ObjcDemo;
		};
/* End PBXContainerItemProxy section */

/* Begin PBXFileReference section */
		18E6E6DC21A640D70020E54F /* ObjcDemo.app */ = {isa = PBXFileReference; explicitFileType = wrapper.application; includeInIndex = 0; path = ObjcDemo.app; sourceTree = BUILT_PRODUCTS_DIR; };
		18E6E6DF21A640D70020E54F /* AppDelegate.h */ = {isa = PBXFileReference; lastKnownFileType = sourcecode.c.h; path = AppDelegate.h; sourceTree = "<group>"; };
		18E6E6E021A640D70020E54F /* AppDelegate.m */ = {isa = PBXFileReference; lastKnownFileType = sourcecode.c.objc; path = AppDelegate.m; sourceTree = "<group>"; };
		18E6E6E221A640D70020E54F /* ViewController.h */ = {isa = PBXFileReference; lastKnownFileType = sourcecode.c.h; path = ViewController.h; sourceTree = "<group>"; };
		18E6E6E321A640D70020E54F /* ViewController.m */ = {isa = PBXFileReference; lastKnownFileType = sourcecode.c.objc; path = ViewController.m; sourceTree = "<group>"; };
		18E6E6E621A640D70020E54F /* Base */ = {isa = PBXFileReference; lastKnownFileType = file.storyboard; name = Base; path = Base.lproj/Main.storyboard; sourceTree = "<group>"; };
		18E6E6E821A640D80020E54F /* Assets.xcassets */ = {isa = PBXFileReference; lastKnownFileType = folder.assetcatalog; path = Assets.xcassets; sourceTree = "<group>"; };
		18E6E6EB21A640D80020E54F /* Base */ = {isa = PBXFileReference; lastKnownFileType = file.storyboard; name = Base; path = Base.lproj/LaunchScreen.storyboard; sourceTree = "<group>"; };
		18E6E6ED21A640D80020E54F /* Info.plist */ = {isa = PBXFileReference; lastKnownFileType = text.plist.xml; path = Info.plist; sourceTree = "<group>"; };
		18E6E6EE21A640D80020E54F /* main.m */ = {isa = PBXFileReference; lastKnownFileType = sourcecode.c.objc; path = main.m; sourceTree = "<group>"; };
		18E6E6F421A640D90020E54F /* ObjcDemoTests.xctest */ = {isa = PBXFileReference; explicitFileType = wrapper.cfbundle; includeInIndex = 0; path = ObjcDemoTests.xctest; sourceTree = BUILT_PRODUCTS_DIR; };
		18E6E6F821A640D90020E54F /* ObjcDemoTests.m */ = {isa = PBXFileReference; lastKnownFileType = sourcecode.c.objc; path = ObjcDemoTests.m; sourceTree = "<group>"; };
		18E6E6FA21A640D90020E54F /* Info.plist */ = {isa = PBXFileReference; lastKnownFileType = text.plist.xml; path = Info.plist; sourceTree = "<group>"; };
		18E6E6FF21A640D90020E54F /* ObjcDemoUITests.xctest */ = {isa = PBXFileReference; explicitFileType = wrapper.cfbundle; includeInIndex = 0; path = ObjcDemoUITests.xctest; sourceTree = BUILT_PRODUCTS_DIR; };
		18E6E70321A640D90020E54F /* ObjcDemoUITests.m */ = {isa = PBXFileReference; lastKnownFileType = sourcecode.c.objc; path = ObjcDemoUITests.m; sourceTree = "<group>"; };
		18E6E70521A640D90020E54F /* Info.plist */ = {isa = PBXFileReference; lastKnownFileType = text.plist.xml; path = Info.plist; sourceTree = "<group>"; };
		18E6E71A21A64C5A0020E54F /* AsynAndThreadTest.h */ = {isa = PBXFileReference; fileEncoding = 4; lastKnownFileType = sourcecode.c.h; path = AsynAndThreadTest.h; sourceTree = "<group>"; };
		18E6E71B21A64C5A0020E54F /* AsynAndThreadTest.m */ = {isa = PBXFileReference; fileEncoding = 4; lastKnownFileType = sourcecode.c.objc; path = AsynAndThreadTest.m; sourceTree = "<group>"; };
/* End PBXFileReference section */

/* Begin PBXFrameworksBuildPhase section */
		18E6E6D921A640D70020E54F /* Frameworks */ = {
			isa = PBXFrameworksBuildPhase;
			buildActionMask = 2147483647;
			files = (
			);
			runOnlyForDeploymentPostprocessing = 0;
		};
		18E6E6F121A640D90020E54F /* Frameworks */ = {
			isa = PBXFrameworksBuildPhase;
			buildActionMask = 2147483647;
			files = (
			);
			runOnlyForDeploymentPostprocessing = 0;
		};
		18E6E6FC21A640D90020E54F /* Frameworks */ = {
			isa = PBXFrameworksBuildPhase;
			buildActionMask = 2147483647;
			files = (
			);
			runOnlyForDeploymentPostprocessing = 0;
		};
/* End PBXFrameworksBuildPhase section */

/* Begin PBXGroup section */
		18E6E6D321A640D60020E54F = {
			isa = PBXGroup;
			children = (
				18E6E6DE21A640D70020E54F /* ObjcDemo */,
				18E6E6F721A640D90020E54F /* ObjcDemoTests */,
				18E6E70221A640D90020E54F /* ObjcDemoUITests */,
				18E6E6DD21A640D70020E54F /* Products */,
			);
			sourceTree = "<group>";
		};
		18E6E6DD21A640D70020E54F /* Products */ = {
			isa = PBXGroup;
			children = (
				18E6E6DC21A640D70020E54F /* ObjcDemo.app */,
				18E6E6F421A640D90020E54F /* ObjcDemoTests.xctest */,
				18E6E6FF21A640D90020E54F /* ObjcDemoUITests.xctest */,
			);
			name = Products;
			sourceTree = "<group>";
		};
		18E6E6DE21A640D70020E54F /* ObjcDemo */ = {
			isa = PBXGroup;
			children = (
				18E6E71921A64C5A0020E54F /* AsynAndThread */,
				18E6E6DF21A640D70020E54F /* AppDelegate.h */,
				18E6E6E021A640D70020E54F /* AppDelegate.m */,
				18E6E6E221A640D70020E54F /* ViewController.h */,
				18E6E6E321A640D70020E54F /* ViewController.m */,
				18E6E6E521A640D70020E54F /* Main.storyboard */,
				18E6E6E821A640D80020E54F /* Assets.xcassets */,
				18E6E6EA21A640D80020E54F /* LaunchScreen.storyboard */,
				18E6E6ED21A640D80020E54F /* Info.plist */,
				18E6E6EE21A640D80020E54F /* main.m */,
			);
			path = ObjcDemo;
			sourceTree = "<group>";
		};
		18E6E6F721A640D90020E54F /* ObjcDemoTests */ = {
			isa = PBXGroup;
			children = (
				18E6E6F821A640D90020E54F /* ObjcDemoTests.m */,
				18E6E6FA21A640D90020E54F /* Info.plist */,
			);
			path = ObjcDemoTests;
			sourceTree = "<group>";
		};
		18E6E70221A640D90020E54F /* ObjcDemoUITests */ = {
			isa = PBXGroup;
			children = (
				18E6E70321A640D90020E54F /* ObjcDemoUITests.m */,
				18E6E70521A640D90020E54F /* Info.plist */,
			);
			path = ObjcDemoUITests;
			sourceTree = "<group>";
		};
		18E6E71921A64C5A0020E54F /* AsynAndThread */ = {
			isa = PBXGroup;
			children = (
				18E6E71A21A64C5A0020E54F /* AsynAndThreadTest.h */,
				18E6E71B21A64C5A0020E54F /* AsynAndThreadTest.m */,
			);
			path = AsynAndThread;
			sourceTree = "<group>";
		};
/* End PBXGroup section */

/* Begin PBXNativeTarget section */
		18E6E6DB21A640D70020E54F /* ObjcDemo */ = {
			isa = PBXNativeTarget;
			buildConfigurationList = 18E6E70821A640D90020E54F /* Build configuration list for PBXNativeTarget "ObjcDemo" */;
			buildPhases = (
				18E6E6D821A640D70020E54F /* Sources */,
				18E6E6D921A640D70020E54F /* Frameworks */,
				18E6E6DA21A640D70020E54F /* Resources */,
			);
			buildRules = (
			);
			dependencies = (
			);
			name = ObjcDemo;
			productName = ObjcDemo;
			productReference = 18E6E6DC21A640D70020E54F /* ObjcDemo.app */;
			productType = "com.apple.product-type.application";
		};
		18E6E6F321A640D90020E54F /* ObjcDemoTests */ = {
			isa = PBXNativeTarget;
			buildConfigurationList = 18E6E70B21A640D90020E54F /* Build configuration list for PBXNativeTarget "ObjcDemoTests" */;
			buildPhases = (
				18E6E6F021A640D90020E54F /* Sources */,
				18E6E6F121A640D90020E54F /* Frameworks */,
				18E6E6F221A640D90020E54F /* Resources */,
			);
			buildRules = (
			);
			dependencies = (
				18E6E6F621A640D90020E54F /* PBXTargetDependency */,
			);
			name = ObjcDemoTests;
			productName = ObjcDemoTests;
			productReference = 18E6E6F421A640D90020E54F /* ObjcDemoTests.xctest */;
			productType = "com.apple.product-type.bundle.unit-test";
		};
		18E6E6FE21A640D90020E54F /* ObjcDemoUITests */ = {
			isa = PBXNativeTarget;
			buildConfigurationList = 18E6E70E21A640D90020E54F /* Build configuration list for PBXNativeTarget "ObjcDemoUITests" */;
			buildPhases = (
				18E6E6FB21A640D90020E54F /* Sources */,
				18E6E6FC21A640D90020E54F /* Frameworks */,
				18E6E6FD21A640D90020E54F /* Resources */,
			);
			buildRules = (
			);
			dependencies = (
				18E6E70121A640D90020E54F /* PBXTargetDependency */,
			);
			name = ObjcDemoUITests;
			productName = ObjcDemoUITests;
			productReference = 18E6E6FF21A640D90020E54F /* ObjcDemoUITests.xctest */;
			productType = "com.apple.product-type.bundle.ui-testing";
		};
/* End PBXNativeTarget section */

/* Begin PBXProject section */
		18E6E6D421A640D60020E54F /* Project object */ = {
			isa = PBXProject;
			attributes = {
				LastUpgradeCheck = 1010;
				ORGANIZATIONNAME = apple;
				TargetAttributes = {
					18E6E6DB21A640D70020E54F = {
						CreatedOnToolsVersion = 10.1;
					};
					18E6E6F321A640D90020E54F = {
						CreatedOnToolsVersion = 10.1;
						TestTargetID = 18E6E6DB21A640D70020E54F;
					};
					18E6E6FE21A640D90020E54F = {
						CreatedOnToolsVersion = 10.1;
						TestTargetID = 18E6E6DB21A640D70020E54F;
					};
				};
			};
			buildConfigurationList = 18E6E6D721A640D60020E54F /* Build configuration list for PBXProject "ObjcDemo" */;
			compatibilityVersion = "Xcode 9.3";
			developmentRegion = en;
			hasScannedForEncodings = 0;
			knownRegions = (
				en,
				Base,
			);
			mainGroup = 18E6E6D321A640D60020E54F;
			productRefGroup = 18E6E6DD21A640D70020E54F /* Products */;
			projectDirPath = "";
			projectRoot = "";
			targets = (
				18E6E6DB21A640D70020E54F /* ObjcDemo */,
				18E6E6F321A640D90020E54F /* ObjcDemoTests */,
				18E6E6FE21A640D90020E54F /* ObjcDemoUITests */,
			);
		};
/* End PBXProject section */

/* Begin PBXResourcesBuildPhase section */
		18E6E6DA21A640D70020E54F /* Resources */ = {
			isa = PBXResourcesBuildPhase;
			buildActionMask = 2147483647;
			files = (
				18E6E6EC21A640D80020E54F /* LaunchScreen.storyboard in Resources */,
				18E6E6E921A640D80020E54F /* Assets.xcassets in Resources */,
				18E6E6E721A640D70020E54F /* Main.storyboard in Resources */,
			);
			runOnlyForDeploymentPostprocessing = 0;
		};
		18E6E6F221A640D90020E54F /* Resources */ = {
			isa = PBXResourcesBuildPhase;
			buildActionMask = 2147483647;
			files = (
			);
			runOnlyForDeploymentPostprocessing = 0;
		};
		18E6E6FD21A640D90020E54F /* Resources */ = {
			isa = PBXResourcesBuildPhase;
			buildActionMask = 2147483647;
			files = (
			);
			runOnlyForDeploymentPostprocessing = 0;
		};
/* End PBXResourcesBuildPhase section */

/* Begin PBXSourcesBuildPhase section */
		18E6E6D821A640D70020E54F /* Sources */ = {
			isa = PBXSourcesBuildPhase;
			buildActionMask = 2147483647;
			files = (
				18E6E71C21A64C5A0020E54F /* AsynAndThreadTest.m in Sources */,
				18E6E6E421A640D70020E54F /* ViewController.m in Sources */,
				18E6E6EF21A640D80020E54F /* main.m in Sources */,
				18E6E6E121A640D70020E54F /* AppDelegate.m in Sources */,
			);
			runOnlyForDeploymentPostprocessing = 0;
		};
		18E6E6F021A640D90020E54F /* Sources */ = {
			isa = PBXSourcesBuildPhase;
			buildActionMask = 2147483647;
			files = (
				18E6E6F921A640D90020E54F /* ObjcDemoTests.m in Sources */,
			);
			runOnlyForDeploymentPostprocessing = 0;
		};
		18E6E6FB21A640D90020E54F /* Sources */ = {
			isa = PBXSourcesBuildPhase;
			buildActionMask = 2147483647;
			files = (
				18E6E70421A640D90020E54F /* ObjcDemoUITests.m in Sources */,
			);
			runOnlyForDeploymentPostprocessing = 0;
		};
/* End PBXSourcesBuildPhase section */

/* Begin PBXTargetDependency section */
		18E6E6F621A640D90020E54F /* PBXTargetDependency */ = {
			isa = PBXTargetDependency;
			target = 18E6E6DB21A640D70020E54F /* ObjcDemo */;
			targetProxy = 18E6E6F521A640D90020E54F /* PBXContainerItemProxy */;
		};
		18E6E70121A640D90020E54F /* PBXTargetDependency */ = {
			isa = PBXTargetDependency;
			target = 18E6E6DB21A640D70020E54F /* ObjcDemo */;
			targetProxy = 18E6E70021A640D90020E54F /* PBXContainerItemProxy */;
		};
/* End PBXTargetDependency section */

/* Begin PBXVariantGroup section */
		18E6E6E521A640D70020E54F /* Main.storyboard */ = {
			isa = PBXVariantGroup;
			children = (
				18E6E6E621A640D70020E54F /* Base */,
			);
			name = Main.storyboard;
			sourceTree = "<group>";
		};
		18E6E6EA21A640D80020E54F /* LaunchScreen.storyboard */ = {
			isa = PBXVariantGroup;
			children = (
				18E6E6EB21A640D80020E54F /* Base */,
			);
			name = LaunchScreen.storyboard;
			sourceTree = "<group>";
		};
/* End PBXVariantGroup section */

/* Begin XCBuildConfiguration section */
		18E6E70621A640D90020E54F /* Debug */ = {
			isa = XCBuildConfiguration;
			buildSettings = {
				ALWAYS_SEARCH_USER_PATHS = NO;
				CLANG_ANALYZER_NONNULL = YES;
				CLANG_ANALYZER_NUMBER_OBJECT_CONVERSION = YES_AGGRESSIVE;
				CLANG_CXX_LANGUAGE_STANDARD = "gnu++14";
				CLANG_CXX_LIBRARY = "libc++";
				CLANG_ENABLE_MODULES = YES;
				CLANG_ENABLE_OBJC_ARC = YES;
				CLANG_ENABLE_OBJC_WEAK = YES;
				CLANG_WARN_BLOCK_CAPTURE_AUTORELEASING = YES;
				CLANG_WARN_BOOL_CONVERSION = YES;
				CLANG_WARN_COMMA = YES;
				CLANG_WARN_CONSTANT_CONVERSION = YES;
				CLANG_WARN_DEPRECATED_OBJC_IMPLEMENTATIONS = YES;
				CLANG_WARN_DIRECT_OBJC_ISA_USAGE = YES_ERROR;
				CLANG_WARN_DOCUMENTATION_COMMENTS = YES;
				CLANG_WARN_EMPTY_BODY = YES;
				CLANG_WARN_ENUM_CONVERSION = YES;
				CLANG_WARN_INFINITE_RECURSION = YES;
				CLANG_WARN_INT_CONVERSION = YES;
				CLANG_WARN_NON_LITERAL_NULL_CONVERSION = YES;
				CLANG_WARN_OBJC_IMPLICIT_RETAIN_SELF = YES;
				CLANG_WARN_OBJC_LITERAL_CONVERSION = YES;
				CLANG_WARN_OBJC_ROOT_CLASS = YES_ERROR;
				CLANG_WARN_RANGE_LOOP_ANALYSIS = YES;
				CLANG_WARN_STRICT_PROTOTYPES = YES;
				CLANG_WARN_SUSPICIOUS_MOVE = YES;
				CLANG_WARN_UNGUARDED_AVAILABILITY = YES_AGGRESSIVE;
				CLANG_WARN_UNREACHABLE_CODE = YES;
				CLANG_WARN__DUPLICATE_METHOD_MATCH = YES;
				CODE_SIGN_IDENTITY = "iPhone Developer";
				COPY_PHASE_STRIP = NO;
				DEBUG_INFORMATION_FORMAT = dwarf;
				ENABLE_STRICT_OBJC_MSGSEND = YES;
				ENABLE_TESTABILITY = YES;
				GCC_C_LANGUAGE_STANDARD = gnu11;
				GCC_DYNAMIC_NO_PIC = NO;
				GCC_NO_COMMON_BLOCKS = YES;
				GCC_OPTIMIZATION_LEVEL = 0;
				GCC_PREPROCESSOR_DEFINITIONS = (
					"DEBUG=1",
					"$(inherited)",
				);
				GCC_WARN_64_TO_32_BIT_CONVERSION = YES;
				GCC_WARN_ABOUT_RETURN_TYPE = YES_ERROR;
				GCC_WARN_UNDECLARED_SELECTOR = YES;
				GCC_WARN_UNINITIALIZED_AUTOS = YES_AGGRESSIVE;
				GCC_WARN_UNUSED_FUNCTION = YES;
				GCC_WARN_UNUSED_VARIABLE = YES;
				IPHONEOS_DEPLOYMENT_TARGET = 12.1;
				MTL_ENABLE_DEBUG_INFO = INCLUDE_SOURCE;
				MTL_FAST_MATH = YES;
				ONLY_ACTIVE_ARCH = YES;
				SDKROOT = iphoneos;
			};
			name = Debug;
		};
		18E6E70721A640D90020E54F /* Release */ = {
			isa = XCBuildConfiguration;
			buildSettings = {
				ALWAYS_SEARCH_USER_PATHS = NO;
				CLANG_ANALYZER_NONNULL = YES;
				CLANG_ANALYZER_NUMBER_OBJECT_CONVERSION = YES_AGGRESSIVE;
				CLANG_CXX_LANGUAGE_STANDARD = "gnu++14";
				CLANG_CXX_LIBRARY = "libc++";
				CLANG_ENABLE_MODULES = YES;
				CLANG_ENABLE_OBJC_ARC = YES;
				CLANG_ENABLE_OBJC_WEAK = YES;
				CLANG_WARN_BLOCK_CAPTURE_AUTORELEASING = YES;
				CLANG_WARN_BOOL_CONVERSION = YES;
				CLANG_WARN_COMMA = YES;
				CLANG_WARN_CONSTANT_CONVERSION = YES;
				CLANG_WARN_DEPRECATED_OBJC_IMPLEMENTATIONS = YES;
				CLANG_WARN_DIRECT_OBJC_ISA_USAGE = YES_ERROR;
				CLANG_WARN_DOCUMENTATION_COMMENTS = YES;
				CLANG_WARN_EMPTY_BODY = YES;
				CLANG_WARN_ENUM_CONVERSION = YES;
				CLANG_WARN_INFINITE_RECURSION = YES;
				CLANG_WARN_INT_CONVERSION = YES;
				CLANG_WARN_NON_LITERAL_NULL_CONVERSION = YES;
				CLANG_WARN_OBJC_IMPLICIT_RETAIN_SELF = YES;
				CLANG_WARN_OBJC_LITERAL_CONVERSION = YES;
				CLANG_WARN_OBJC_ROOT_CLASS = YES_ERROR;
				CLANG_WARN_RANGE_LOOP_ANALYSIS = YES;
				CLANG_WARN_STRICT_PROTOTYPES = YES;
				CLANG_WARN_SUSPICIOUS_MOVE = YES;
				CLANG_WARN_UNGUARDED_AVAILABILITY = YES_AGGRESSIVE;
				CLANG_WARN_UNREACHABLE_CODE = YES;
				CLANG_WARN__DUPLICATE_METHOD_MATCH = YES;
				CODE_SIGN_IDENTITY = "iPhone Developer";
				COPY_PHASE_STRIP = NO;
				DEBUG_INFORMATION_FORMAT = "dwarf-with-dsym";
				ENABLE_NS_ASSERTIONS = NO;
				ENABLE_STRICT_OBJC_MSGSEND = YES;
				GCC_C_LANGUAGE_STANDARD = gnu11;
				GCC_NO_COMMON_BLOCKS = YES;
				GCC_WARN_64_TO_32_BIT_CONVERSION = YES;
				GCC_WARN_ABOUT_RETURN_TYPE = YES_ERROR;
				GCC_WARN_UNDECLARED_SELECTOR = YES;
				GCC_WARN_UNINITIALIZED_AUTOS = YES_AGGRESSIVE;
				GCC_WARN_UNUSED_FUNCTION = YES;
				GCC_WARN_UNUSED_VARIABLE = YES;
				IPHONEOS_DEPLOYMENT_TARGET = 12.1;
				MTL_ENABLE_DEBUG_INFO = NO;
				MTL_FAST_MATH = YES;
				SDKROOT = iphoneos;
				VALIDATE_PRODUCT = YES;
			};
			name = Release;
		};
		18E6E70921A640D90020E54F /* Debug */ = {
			isa = XCBuildConfiguration;
			buildSettings = {
				ASSETCATALOG_COMPILER_APPICON_NAME = AppIcon;
				CODE_SIGN_STYLE = Automatic;
				DEVELOPMENT_TEAM = WZMDZ97XAH;
				INFOPLIST_FILE = ObjcDemo/Info.plist;
				IPHONEOS_DEPLOYMENT_TARGET = 9.0;
				LD_RUNPATH_SEARCH_PATHS = (
					"$(inherited)",
					"@executable_path/Frameworks",
				);
				PRODUCT_BUNDLE_IDENTIFIER = com.alex.demo;
				PRODUCT_NAME = "$(TARGET_NAME)";
				TARGETED_DEVICE_FAMILY = "1,2";
			};
			name = Debug;
		};
		18E6E70A21A640D90020E54F /* Release */ = {
			isa = XCBuildConfiguration;
			buildSettings = {
				ASSETCATALOG_COMPILER_APPICON_NAME = AppIcon;
				CODE_SIGN_STYLE = Automatic;
				DEVELOPMENT_TEAM = WZMDZ97XAH;
				INFOPLIST_FILE = ObjcDemo/Info.plist;
				IPHONEOS_DEPLOYMENT_TARGET = 9.0;
				LD_RUNPATH_SEARCH_PATHS = (
					"$(inherited)",
					"@executable_path/Frameworks",
				);
				PRODUCT_BUNDLE_IDENTIFIER = com.alex.demo;
				PRODUCT_NAME = "$(TARGET_NAME)";
				TARGETED_DEVICE_FAMILY = "1,2";
			};
			name = Release;
		};
		18E6E70C21A640D90020E54F /* Debug */ = {
			isa = XCBuildConfiguration;
			buildSettings = {
				BUNDLE_LOADER = "$(TEST_HOST)";
				CODE_SIGN_STYLE = Automatic;
				INFOPLIST_FILE = ObjcDemoTests/Info.plist;
				LD_RUNPATH_SEARCH_PATHS = (
					"$(inherited)",
					"@executable_path/Frameworks",
					"@loader_path/Frameworks",
				);
				PRODUCT_BUNDLE_IDENTIFIER = com.alex.test.ObjcDemoTests;
				PRODUCT_NAME = "$(TARGET_NAME)";
				TARGETED_DEVICE_FAMILY = "1,2";
				TEST_HOST = "$(BUILT_PRODUCTS_DIR)/ObjcDemo.app/ObjcDemo";
			};
			name = Debug;
		};
		18E6E70D21A640D90020E54F /* Release */ = {
			isa = XCBuildConfiguration;
			buildSettings = {
				BUNDLE_LOADER = "$(TEST_HOST)";
				CODE_SIGN_STYLE = Automatic;
				INFOPLIST_FILE = ObjcDemoTests/Info.plist;
				LD_RUNPATH_SEARCH_PATHS = (
					"$(inherited)",
					"@executable_path/Frameworks",
					"@loader_path/Frameworks",
				);
				PRODUCT_BUNDLE_IDENTIFIER = com.alex.test.ObjcDemoTests;
				PRODUCT_NAME = "$(TARGET_NAME)";
				TARGETED_DEVICE_FAMILY = "1,2";
				TEST_HOST = "$(BUILT_PRODUCTS_DIR)/ObjcDemo.app/ObjcDemo";
			};
			name = Release;
		};
		18E6E70F21A640D90020E54F /* Debug */ = {
			isa = XCBuildConfiguration;
			buildSettings = {
				CODE_SIGN_STYLE = Automatic;
				INFOPLIST_FILE = ObjcDemoUITests/Info.plist;
				LD_RUNPATH_SEARCH_PATHS = (
					"$(inherited)",
					"@executable_path/Frameworks",
					"@loader_path/Frameworks",
				);
				PRODUCT_BUNDLE_IDENTIFIER = com.alex.test.ObjcDemoUITests;
				PRODUCT_NAME = "$(TARGET_NAME)";
				TARGETED_DEVICE_FAMILY = "1,2";
				TEST_TARGET_NAME = ObjcDemo;
			};
			name = Debug;
		};
		18E6E71021A640D90020E54F /* Release */ = {
			isa = XCBuildConfiguration;
			buildSettings = {
				CODE_SIGN_STYLE = Automatic;
				INFOPLIST_FILE = ObjcDemoUITests/Info.plist;
				LD_RUNPATH_SEARCH_PATHS = (
					"$(inherited)",
					"@executable_path/Frameworks",
					"@loader_path/Frameworks",
				);
				PRODUCT_BUNDLE_IDENTIFIER = com.alex.test.ObjcDemoUITests;
				PRODUCT_NAME = "$(TARGET_NAME)";
				TARGETED_DEVICE_FAMILY = "1,2";
				TEST_TARGET_NAME = ObjcDemo;
			};
			name = Release;
		};
/* End XCBuildConfiguration section */

/* Begin XCConfigurationList section */
		18E6E6D721A640D60020E54F /* Build configuration list for PBXProject "ObjcDemo" */ = {
			isa = XCConfigurationList;
			buildConfigurations = (
				18E6E70621A640D90020E54F /* Debug */,
				18E6E70721A640D90020E54F /* Release */,
			);
			defaultConfigurationIsVisible = 0;
			defaultConfigurationName = Release;
		};
		18E6E70821A640D90020E54F /* Build configuration list for PBXNativeTarget "ObjcDemo" */ = {
			isa = XCConfigurationList;
			buildConfigurations = (
				18E6E70921A640D90020E54F /* Debug */,
				18E6E70A21A640D90020E54F /* Release */,
			);
			defaultConfigurationIsVisible = 0;
			defaultConfigurationName = Release;
		};
		18E6E70B21A640D90020E54F /* Build configuration list for PBXNativeTarget "ObjcDemoTests" */ = {
			isa = XCConfigurationList;
			buildConfigurations = (
				18E6E70C21A640D90020E54F /* Debug */,
				18E6E70D21A640D90020E54F /* Release */,
			);
			defaultConfigurationIsVisible = 0;
			defaultConfigurationName = Release;
		};
		18E6E70E21A640D90020E54F /* Build configuration list for PBXNativeTarget "ObjcDemoUITests" */ = {
			isa = XCConfigurationList;
			buildConfigurations = (
				18E6E70F21A640D90020E54F /* Debug */,
				18E6E71021A640D90020E54F /* Release */,
			);
			defaultConfigurationIsVisible = 0;
			defaultConfigurationName = Release;
		};
/* End XCConfigurationList section */
	};
	rootObject = 18E6E6D421A640D60020E54F /* Project object */;
}
